
Microsoft Visual Studio Solution File, Format Version 12.00
# Visual Studio Version 17
VisualStudioVersion = 17.11.35327.3
MinimumVisualStudioVersion = 10.0.40219.1
Project("{2150E333-8FDC-42A3-9474-1A3956D46DE8}") = "Solution Items", "Solution Items", "{795B073D-1706-45E1-9837-BEAA7D235BA0}"
	ProjectSection(SolutionItems) = preProject
		.editorconfig = .editorconfig
		.env = .env
		.gitignore = .gitignore
		.model-env = .model-env
		.github\workflows\ci.yml = .github\workflows\ci.yml
		pull_request_template.md = pull_request_template.md
		README.md = README.md
	EndProjectSection
EndProject
Project("{2150E333-8FDC-42A3-9474-1A3956D46DE8}") = "src", "src", "{B15A679A-42B9-4CC4-AC35-84852E4CAE9E}"
EndProject
Project("{2150E333-8FDC-42A3-9474-1A3956D46DE8}") = "tests", "tests", "{DB689DBD-F63A-41F0-AD19-8158FED3CE3A}"
EndProject
Project("{2150E333-8FDC-42A3-9474-1A3956D46DE8}") = "1-Presentation", "1-Presentation", "{C9B9883E-3754-4BF2-AA17-6A34209621F4}"
EndProject
Project("{2150E333-8FDC-42A3-9474-1A3956D46DE8}") = "1-Presentation", "1-Presentation", "{8D621207-0EB0-444E-9BD9-2DB238FFBA5F}"
EndProject
Project("{2150E333-8FDC-42A3-9474-1A3956D46DE8}") = "2-Domain", "2-Domain", "{2DD05E7A-DCAD-40AF-81D5-91940BE749C8}"
EndProject
Project("{2150E333-8FDC-42A3-9474-1A3956D46DE8}") = "2-Domain", "2-Domain", "{4AF02D0D-DB72-4C46-8BF0-96581C826D05}"
EndProject
Project("{2150E333-8FDC-42A3-9474-1A3956D46DE8}") = "3-Database", "3-Database", "{4D12026E-06D1-4ED4-ADFD-C323F5DFD2CC}"
EndProject
Project("{2150E333-8FDC-42A3-9474-1A3956D46DE8}") = "3-Database", "3-Database", "{91B3B2D3-141E-4225-9E4D-3F8861B8C983}"
EndProject
Project("{2150E333-8FDC-42A3-9474-1A3956D46DE8}") = "1.1-API", "1.1-API", "{D4446931-C54C-4050-8106-7B4A1BB0D942}"
EndProject
Project("{2150E333-8FDC-42A3-9474-1A3956D46DE8}") = "1.1-API", "1.1-API", "{8E13F051-2627-41F9-ACB2-5EACBF13BB81}"
EndProject
Project("{9A19103F-16F7-4668-BE54-9A1E7A4F7556}") = "TodoManager.Domain.Contracts", "src\TodoManager.Domain.Contracts\TodoManager.Domain.Contracts.csproj", "{4D4D8A41-A88A-4A9B-97B3-88DEAF17E57B}"
EndProject
Project("{9A19103F-16F7-4668-BE54-9A1E7A4F7556}") = "TodoManager.API", "src\TodoManager.API\TodoManager.API.csproj", "{D3E18E25-1AF6-43C0-ACE5-AE419739B2C4}"
EndProject
Project("{9A19103F-16F7-4668-BE54-9A1E7A4F7556}") = "TodoManager.Domain", "src\TodoManager.Domain\TodoManager.Domain.csproj", "{77BA1A90-C3DC-465C-894B-940243E2678F}"
EndProject
Project("{9A19103F-16F7-4668-BE54-9A1E7A4F7556}") = "TodoManager.Domain.Tests", "tests\TodoManager.Domain.Tests\TodoManager.Domain.Tests.csproj", "{E648EE57-5DB6-4E88-9136-C2D375B06B59}"
EndProject
Project("{FAE04EC0-301F-11D3-BF4B-00C04F79EFBC}") = "TodoManager.Database.Sqlite", "src\TodoManager.Database.Sqlite\TodoManager.Database.Sqlite.csproj", "{B20CD2DD-CD1B-4663-8314-3C4040C1E172}"
EndProject
Project("{FAE04EC0-301F-11D3-BF4B-00C04F79EFBC}") = "TodoManager.Database.Sqlite.Tests", "tests\TodoManager.Database.Sqlite.Tests\TodoManager.Database.Sqlite.Tests.csproj", "{621C5A3E-A95D-4B65-9027-20985B949FF8}"
EndProject
Project("{2150E333-8FDC-42A3-9474-1A3956D46DE8}") = "4-CrossCutting", "4-CrossCutting", "{1DD24484-E595-40F2-9F9A-5882494E9EBF}"
EndProject
Project("{2150E333-8FDC-42A3-9474-1A3956D46DE8}") = "4-CrossCutting", "4-CrossCutting", "{E9DC42A6-812A-4CCD-A1BD-1C16F92F784A}"
EndProject
Project("{FAE04EC0-301F-11D3-BF4B-00C04F79EFBC}") = "TodoManager.Ioc", "src\TodoManager.Ioc\TodoManager.Ioc.csproj", "{94E0A3B3-1E92-42B4-AD61-6DDE9DB02BEC}"
EndProject
Global
	GlobalSection(SolutionConfigurationPlatforms) = preSolution
		Debug|Any CPU = Debug|Any CPU
		Release|Any CPU = Release|Any CPU
	EndGlobalSection
	GlobalSection(ProjectConfigurationPlatforms) = postSolution
		{4D4D8A41-A88A-4A9B-97B3-88DEAF17E57B}.Debug|Any CPU.ActiveCfg = Debug|Any CPU
		{4D4D8A41-A88A-4A9B-97B3-88DEAF17E57B}.Debug|Any CPU.Build.0 = Debug|Any CPU
		{4D4D8A41-A88A-4A9B-97B3-88DEAF17E57B}.Release|Any CPU.ActiveCfg = Release|Any CPU
		{4D4D8A41-A88A-4A9B-97B3-88DEAF17E57B}.Release|Any CPU.Build.0 = Release|Any CPU
		{D3E18E25-1AF6-43C0-ACE5-AE419739B2C4}.Debug|Any CPU.ActiveCfg = Debug|Any CPU
		{D3E18E25-1AF6-43C0-ACE5-AE419739B2C4}.Debug|Any CPU.Build.0 = Debug|Any CPU
		{D3E18E25-1AF6-43C0-ACE5-AE419739B2C4}.Release|Any CPU.ActiveCfg = Release|Any CPU
		{D3E18E25-1AF6-43C0-ACE5-AE419739B2C4}.Release|Any CPU.Build.0 = Release|Any CPU
		{77BA1A90-C3DC-465C-894B-940243E2678F}.Debug|Any CPU.ActiveCfg = Debug|Any CPU
		{77BA1A90-C3DC-465C-894B-940243E2678F}.Debug|Any CPU.Build.0 = Debug|Any CPU
		{77BA1A90-C3DC-465C-894B-940243E2678F}.Release|Any CPU.ActiveCfg = Release|Any CPU
		{77BA1A90-C3DC-465C-894B-940243E2678F}.Release|Any CPU.Build.0 = Release|Any CPU
		{E648EE57-5DB6-4E88-9136-C2D375B06B59}.Debug|Any CPU.ActiveCfg = Debug|Any CPU
		{E648EE57-5DB6-4E88-9136-C2D375B06B59}.Debug|Any CPU.Build.0 = Debug|Any CPU
		{E648EE57-5DB6-4E88-9136-C2D375B06B59}.Release|Any CPU.ActiveCfg = Release|Any CPU
		{E648EE57-5DB6-4E88-9136-C2D375B06B59}.Release|Any CPU.Build.0 = Release|Any CPU
		{B20CD2DD-CD1B-4663-8314-3C4040C1E172}.Debug|Any CPU.ActiveCfg = Debug|Any CPU
		{B20CD2DD-CD1B-4663-8314-3C4040C1E172}.Debug|Any CPU.Build.0 = Debug|Any CPU
		{B20CD2DD-CD1B-4663-8314-3C4040C1E172}.Release|Any CPU.ActiveCfg = Release|Any CPU
		{B20CD2DD-CD1B-4663-8314-3C4040C1E172}.Release|Any CPU.Build.0 = Release|Any CPU
		{621C5A3E-A95D-4B65-9027-20985B949FF8}.Debug|Any CPU.ActiveCfg = Debug|Any CPU
		{621C5A3E-A95D-4B65-9027-20985B949FF8}.Debug|Any CPU.Build.0 = Debug|Any CPU
		{621C5A3E-A95D-4B65-9027-20985B949FF8}.Release|Any CPU.ActiveCfg = Release|Any CPU
		{621C5A3E-A95D-4B65-9027-20985B949FF8}.Release|Any CPU.Build.0 = Release|Any CPU
		{94E0A3B3-1E92-42B4-AD61-6DDE9DB02BEC}.Debug|Any CPU.ActiveCfg = Debug|Any CPU
		{94E0A3B3-1E92-42B4-AD61-6DDE9DB02BEC}.Debug|Any CPU.Build.0 = Debug|Any CPU
		{94E0A3B3-1E92-42B4-AD61-6DDE9DB02BEC}.Release|Any CPU.ActiveCfg = Release|Any CPU
		{94E0A3B3-1E92-42B4-AD61-6DDE9DB02BEC}.Release|Any CPU.Build.0 = Release|Any CPU
	EndGlobalSection
	GlobalSection(SolutionProperties) = preSolution
		HideSolutionNode = FALSE
	EndGlobalSection
	GlobalSection(NestedProjects) = preSolution
		{C9B9883E-3754-4BF2-AA17-6A34209621F4} = {B15A679A-42B9-4CC4-AC35-84852E4CAE9E}
		{8D621207-0EB0-444E-9BD9-2DB238FFBA5F} = {DB689DBD-F63A-41F0-AD19-8158FED3CE3A}
		{2DD05E7A-DCAD-40AF-81D5-91940BE749C8} = {B15A679A-42B9-4CC4-AC35-84852E4CAE9E}
		{4AF02D0D-DB72-4C46-8BF0-96581C826D05} = {DB689DBD-F63A-41F0-AD19-8158FED3CE3A}
		{4D12026E-06D1-4ED4-ADFD-C323F5DFD2CC} = {B15A679A-42B9-4CC4-AC35-84852E4CAE9E}
		{91B3B2D3-141E-4225-9E4D-3F8861B8C983} = {DB689DBD-F63A-41F0-AD19-8158FED3CE3A}
		{D4446931-C54C-4050-8106-7B4A1BB0D942} = {C9B9883E-3754-4BF2-AA17-6A34209621F4}
		{8E13F051-2627-41F9-ACB2-5EACBF13BB81} = {8D621207-0EB0-444E-9BD9-2DB238FFBA5F}
		{4D4D8A41-A88A-4A9B-97B3-88DEAF17E57B} = {2DD05E7A-DCAD-40AF-81D5-91940BE749C8}
		{D3E18E25-1AF6-43C0-ACE5-AE419739B2C4} = {D4446931-C54C-4050-8106-7B4A1BB0D942}
		{77BA1A90-C3DC-465C-894B-940243E2678F} = {2DD05E7A-DCAD-40AF-81D5-91940BE749C8}
		{E648EE57-5DB6-4E88-9136-C2D375B06B59} = {4AF02D0D-DB72-4C46-8BF0-96581C826D05}
		{B20CD2DD-CD1B-4663-8314-3C4040C1E172} = {4D12026E-06D1-4ED4-ADFD-C323F5DFD2CC}
		{621C5A3E-A95D-4B65-9027-20985B949FF8} = {91B3B2D3-141E-4225-9E4D-3F8861B8C983}
		{1DD24484-E595-40F2-9F9A-5882494E9EBF} = {B15A679A-42B9-4CC4-AC35-84852E4CAE9E}
		{E9DC42A6-812A-4CCD-A1BD-1C16F92F784A} = {DB689DBD-F63A-41F0-AD19-8158FED3CE3A}
		{94E0A3B3-1E92-42B4-AD61-6DDE9DB02BEC} = {1DD24484-E595-40F2-9F9A-5882494E9EBF}
	EndGlobalSection
	GlobalSection(ExtensibilityGlobals) = postSolution
		SolutionGuid = {6A4224EA-6B27-4ABB-90B6-42A360370691}
	EndGlobalSection
EndGlobal
